
Microsoft Visual Studio Solution File, Format Version 12.00
# Visual Studio Version 17
VisualStudioVersion = 17.11.35219.272
MinimumVisualStudioVersion = 10.0.40219.1
Project("{FAE04EC0-301F-11D3-BF4B-00C04F79EFBC}") = "Show&WellBackend", "Show&WellBackend\Show&WellBackend.csproj", "{FE6B4C7A-5301-4C1C-8157-463D493619D8}"
EndProject
Global
	GlobalSection(SolutionConfigurationPlatforms) = preSolution
		Debug|Any CPU = Debug|Any CPU
		Release|Any CPU = Release|Any CPU
	EndGlobalSection
	GlobalSection(ProjectConfigurationPlatforms) = postSolution
		{FE6B4C7A-5301-4C1C-8157-463D493619D8}.Debug|Any CPU.ActiveCfg = Debug|Any CPU
		{FE6B4C7A-5301-4C1C-8157-463D493619D8}.Debug|Any CPU.Build.0 = Debug|Any CPU
		{FE6B4C7A-5301-4C1C-8157-463D493619D8}.Release|Any CPU.ActiveCfg = Release|Any CPU
		{FE6B4C7A-5301-4C1C-8157-463D493619D8}.Release|Any CPU.Build.0 = Release|Any CPU
	EndGlobalSection
	GlobalSection(SolutionProperties) = preSolution
		HideSolutionNode = FALSE
	EndGlobalSection
	GlobalSection(ExtensibilityGlobals) = postSolution
		SolutionGuid = {D797CA9E-3E74-4E9A-B236-21A8BD248495}
	EndGlobalSection
EndGlobal
